
Microsoft Visual Studio Solution File, Format Version 12.00
# Visual Studio Version 16
VisualStudioVersion = 16.0.29905.134
MinimumVisualStudioVersion = 10.0.40219.1
Project("{9A19103F-16F7-4668-BE54-9A1E7A4F7556}") = "Selenium.WebPages", "ClassLibrary1\Selenium.WebPages.csproj", "{E8DA6A9D-005D-46CD-B333-93DA8F9A5ECE}"
EndProject
Project("{FAE04EC0-301F-11D3-BF4B-00C04F79EFBC}") = "Selenium.Tests", "Selenium.Tests\Selenium.Tests.csproj", "{A0CE7DED-8051-4E3A-8010-17D203C6CCA9}"
EndProject
Project("{2150E333-8FDC-42A3-9474-1A3956D46DE8}") = "Tests", "Tests", "{9F414378-8968-4DB1-A085-42FC218812BA}"
EndProject
Global
	GlobalSection(SolutionConfigurationPlatforms) = preSolution
		Debug|Any CPU = Debug|Any CPU
		Release|Any CPU = Release|Any CPU
	EndGlobalSection
	GlobalSection(ProjectConfigurationPlatforms) = postSolution
		{E8DA6A9D-005D-46CD-B333-93DA8F9A5ECE}.Debug|Any CPU.ActiveCfg = Debug|Any CPU
		{E8DA6A9D-005D-46CD-B333-93DA8F9A5ECE}.Debug|Any CPU.Build.0 = Debug|Any CPU
		{E8DA6A9D-005D-46CD-B333-93DA8F9A5ECE}.Release|Any CPU.ActiveCfg = Release|Any CPU
		{E8DA6A9D-005D-46CD-B333-93DA8F9A5ECE}.Release|Any CPU.Build.0 = Release|Any CPU
		{A0CE7DED-8051-4E3A-8010-17D203C6CCA9}.Debug|Any CPU.ActiveCfg = Debug|Any CPU
		{A0CE7DED-8051-4E3A-8010-17D203C6CCA9}.Debug|Any CPU.Build.0 = Debug|Any CPU
		{A0CE7DED-8051-4E3A-8010-17D203C6CCA9}.Release|Any CPU.ActiveCfg = Release|Any CPU
		{A0CE7DED-8051-4E3A-8010-17D203C6CCA9}.Release|Any CPU.Build.0 = Release|Any CPU
	EndGlobalSection
	GlobalSection(SolutionProperties) = preSolution
		HideSolutionNode = FALSE
	EndGlobalSection
	GlobalSection(NestedProjects) = preSolution
		{E8DA6A9D-005D-46CD-B333-93DA8F9A5ECE} = {9F414378-8968-4DB1-A085-42FC218812BA}
		{A0CE7DED-8051-4E3A-8010-17D203C6CCA9} = {9F414378-8968-4DB1-A085-42FC218812BA}
	EndGlobalSection
	GlobalSection(ExtensibilityGlobals) = postSolution
		SolutionGuid = {59A1EC74-C88A-43DB-BF7F-E7A4C53E35CA}
	EndGlobalSection
EndGlobal
